
Microsoft Visual Studio Solution File, Format Version 12.00
# Visual Studio Version 17
VisualStudioVersion = 17.3.32929.385
MinimumVisualStudioVersion = 10.0.40219.1
Project("{FAE04EC0-301F-11D3-BF4B-00C04F79EFBC}") = "ArraysAndLists", "ArraysAndLists\ArraysAndLists.csproj", "{71D14491-E3B4-4264-9E70-E3CEE3B2A68F}"
EndProject
Global
	GlobalSection(SolutionConfigurationPlatforms) = preSolution
		Debug|Any CPU = Debug|Any CPU
		Release|Any CPU = Release|Any CPU
	EndGlobalSection
	GlobalSection(ProjectConfigurationPlatforms) = postSolution
		{71D14491-E3B4-4264-9E70-E3CEE3B2A68F}.Debug|Any CPU.ActiveCfg = Debug|Any CPU
		{71D14491-E3B4-4264-9E70-E3CEE3B2A68F}.Debug|Any CPU.Build.0 = Debug|Any CPU
		{71D14491-E3B4-4264-9E70-E3CEE3B2A68F}.Release|Any CPU.ActiveCfg = Release|Any CPU
		{71D14491-E3B4-4264-9E70-E3CEE3B2A68F}.Release|Any CPU.Build.0 = Release|Any CPU
	EndGlobalSection
	GlobalSection(SolutionProperties) = preSolution
		HideSolutionNode = FALSE
	EndGlobalSection
	GlobalSection(ExtensibilityGlobals) = postSolution
		SolutionGuid = {2B262A90-92C9-44E8-85E6-7BA55DD9260F}
	EndGlobalSection
EndGlobal
