
Microsoft Visual Studio Solution File, Format Version 12.00
# Visual Studio Version 17
VisualStudioVersion = 17.3.32929.385
MinimumVisualStudioVersion = 10.0.40219.1
Project("{FAE04EC0-301F-11D3-BF4B-00C04F79EFBC}") = "ExceptionAssignment", "ExceptionAssignment\ExceptionAssignment.csproj", "{45B16937-F3F0-400F-876B-88A90224774D}"
EndProject
Global
	GlobalSection(SolutionConfigurationPlatforms) = preSolution
		Debug|Any CPU = Debug|Any CPU
		Release|Any CPU = Release|Any CPU
	EndGlobalSection
	GlobalSection(ProjectConfigurationPlatforms) = postSolution
		{45B16937-F3F0-400F-876B-88A90224774D}.Debug|Any CPU.ActiveCfg = Debug|Any CPU
		{45B16937-F3F0-400F-876B-88A90224774D}.Debug|Any CPU.Build.0 = Debug|Any CPU
		{45B16937-F3F0-400F-876B-88A90224774D}.Release|Any CPU.ActiveCfg = Release|Any CPU
		{45B16937-F3F0-400F-876B-88A90224774D}.Release|Any CPU.Build.0 = Release|Any CPU
	EndGlobalSection
	GlobalSection(SolutionProperties) = preSolution
		HideSolutionNode = FALSE
	EndGlobalSection
	GlobalSection(ExtensibilityGlobals) = postSolution
		SolutionGuid = {7B5CE691-0BB2-4D17-AC91-F60B0241C727}
	EndGlobalSection
EndGlobal
