
Microsoft Visual Studio Solution File, Format Version 12.00
# Visual Studio Version 17
VisualStudioVersion = 17.3.32929.385
MinimumVisualStudioVersion = 10.0.40219.1
Project("{FAE04EC0-301F-11D3-BF4B-00C04F79EFBC}") = "ConsoleAppAssignment", "ConsoleAppAssignment\ConsoleAppAssignment.csproj", "{DC8868A9-DBE0-48E1-9CAE-7F014707EE8E}"
EndProject
Global
	GlobalSection(SolutionConfigurationPlatforms) = preSolution
		Debug|Any CPU = Debug|Any CPU
		Release|Any CPU = Release|Any CPU
	EndGlobalSection
	GlobalSection(ProjectConfigurationPlatforms) = postSolution
		{DC8868A9-DBE0-48E1-9CAE-7F014707EE8E}.Debug|Any CPU.ActiveCfg = Debug|Any CPU
		{DC8868A9-DBE0-48E1-9CAE-7F014707EE8E}.Debug|Any CPU.Build.0 = Debug|Any CPU
		{DC8868A9-DBE0-48E1-9CAE-7F014707EE8E}.Release|Any CPU.ActiveCfg = Release|Any CPU
		{DC8868A9-DBE0-48E1-9CAE-7F014707EE8E}.Release|Any CPU.Build.0 = Release|Any CPU
	EndGlobalSection
	GlobalSection(SolutionProperties) = preSolution
		HideSolutionNode = FALSE
	EndGlobalSection
	GlobalSection(ExtensibilityGlobals) = postSolution
		SolutionGuid = {3D84C82B-6AAA-4AFA-BA44-18BD2868DD99}
	EndGlobalSection
EndGlobal
