
Microsoft Visual Studio Solution File, Format Version 12.00
# Visual Studio Version 17
VisualStudioVersion = 17.3.32929.385
MinimumVisualStudioVersion = 10.0.40219.1
Project("{FAE04EC0-301F-11D3-BF4B-00C04F79EFBC}") = "ExceptionHandlingAssignment", "ExceptionHandlingAssignment\ExceptionHandlingAssignment.csproj", "{5CAD6E0C-BC39-4D89-8BA7-9E21C4ACD6DE}"
EndProject
Global
	GlobalSection(SolutionConfigurationPlatforms) = preSolution
		Debug|Any CPU = Debug|Any CPU
		Release|Any CPU = Release|Any CPU
	EndGlobalSection
	GlobalSection(ProjectConfigurationPlatforms) = postSolution
		{5CAD6E0C-BC39-4D89-8BA7-9E21C4ACD6DE}.Debug|Any CPU.ActiveCfg = Debug|Any CPU
		{5CAD6E0C-BC39-4D89-8BA7-9E21C4ACD6DE}.Debug|Any CPU.Build.0 = Debug|Any CPU
		{5CAD6E0C-BC39-4D89-8BA7-9E21C4ACD6DE}.Release|Any CPU.ActiveCfg = Release|Any CPU
		{5CAD6E0C-BC39-4D89-8BA7-9E21C4ACD6DE}.Release|Any CPU.Build.0 = Release|Any CPU
	EndGlobalSection
	GlobalSection(SolutionProperties) = preSolution
		HideSolutionNode = FALSE
	EndGlobalSection
	GlobalSection(ExtensibilityGlobals) = postSolution
		SolutionGuid = {E0F9C948-C6BD-49F8-B9BB-29F8EC4DAEB5}
	EndGlobalSection
EndGlobal
