
Microsoft Visual Studio Solution File, Format Version 12.00
# Visual Studio Version 17
VisualStudioVersion = 17.3.32929.385
MinimumVisualStudioVersion = 10.0.40219.1
Project("{FAE04EC0-301F-11D3-BF4B-00C04F79EFBC}") = "ClassMethod", "ClassMethod\ClassMethod.csproj", "{C928BD3C-3C61-4CD8-8F54-7E5D2AC62FB7}"
EndProject
Global
	GlobalSection(SolutionConfigurationPlatforms) = preSolution
		Debug|Any CPU = Debug|Any CPU
		Release|Any CPU = Release|Any CPU
	EndGlobalSection
	GlobalSection(ProjectConfigurationPlatforms) = postSolution
		{C928BD3C-3C61-4CD8-8F54-7E5D2AC62FB7}.Debug|Any CPU.ActiveCfg = Debug|Any CPU
		{C928BD3C-3C61-4CD8-8F54-7E5D2AC62FB7}.Debug|Any CPU.Build.0 = Debug|Any CPU
		{C928BD3C-3C61-4CD8-8F54-7E5D2AC62FB7}.Release|Any CPU.ActiveCfg = Release|Any CPU
		{C928BD3C-3C61-4CD8-8F54-7E5D2AC62FB7}.Release|Any CPU.Build.0 = Release|Any CPU
	EndGlobalSection
	GlobalSection(SolutionProperties) = preSolution
		HideSolutionNode = FALSE
	EndGlobalSection
	GlobalSection(ExtensibilityGlobals) = postSolution
		SolutionGuid = {6B970ED3-3081-4CAC-96E7-ABAA9D9E988E}
	EndGlobalSection
EndGlobal
