
Microsoft Visual Studio Solution File, Format Version 12.00
# Visual Studio Version 17
VisualStudioVersion = 17.3.32929.385
MinimumVisualStudioVersion = 10.0.40219.1
Project("{FAE04EC0-301F-11D3-BF4B-00C04F79EFBC}") = "StringAssignment", "StringAssignment\StringAssignment.csproj", "{095CB563-6A36-4428-A33B-388D182F6B59}"
EndProject
Global
	GlobalSection(SolutionConfigurationPlatforms) = preSolution
		Debug|Any CPU = Debug|Any CPU
		Release|Any CPU = Release|Any CPU
	EndGlobalSection
	GlobalSection(ProjectConfigurationPlatforms) = postSolution
		{095CB563-6A36-4428-A33B-388D182F6B59}.Debug|Any CPU.ActiveCfg = Debug|Any CPU
		{095CB563-6A36-4428-A33B-388D182F6B59}.Debug|Any CPU.Build.0 = Debug|Any CPU
		{095CB563-6A36-4428-A33B-388D182F6B59}.Release|Any CPU.ActiveCfg = Release|Any CPU
		{095CB563-6A36-4428-A33B-388D182F6B59}.Release|Any CPU.Build.0 = Release|Any CPU
	EndGlobalSection
	GlobalSection(SolutionProperties) = preSolution
		HideSolutionNode = FALSE
	EndGlobalSection
	GlobalSection(ExtensibilityGlobals) = postSolution
		SolutionGuid = {732684C9-AF10-40C1-A983-95FD972FD154}
	EndGlobalSection
EndGlobal
